
Microsoft Visual Studio Solution File, Format Version 12.00
# Visual Studio 2012
Project("{FAE04EC0-301F-11D3-BF4B-00C04F79EFBC}") = "FoodValueCalculator", "FoodValueCalculator\FoodValueCalculator.csproj", "{B4E4EE98-4F56-4586-9FD5-5452674B7FAE}"
EndProject
Project("{FAE04EC0-301F-11D3-BF4B-00C04F79EFBC}") = "CustomControl", "CustomControl\CustomControl.csproj", "{2D42D6C5-F011-47C3-ACD5-5890CB071522}"
EndProject
Project("{FAE04EC0-301F-11D3-BF4B-00C04F79EFBC}") = "DBAccess", "DBAccess\DBAccess.csproj", "{2616293A-1892-4A84-896E-60D6F91496F5}"
EndProject
Global
	GlobalSection(SolutionConfigurationPlatforms) = preSolution
		Debug|Any CPU = Debug|Any CPU
		Release|Any CPU = Release|Any CPU
	EndGlobalSection
	GlobalSection(ProjectConfigurationPlatforms) = postSolution
		{B4E4EE98-4F56-4586-9FD5-5452674B7FAE}.Debug|Any CPU.ActiveCfg = Debug|Any CPU
		{B4E4EE98-4F56-4586-9FD5-5452674B7FAE}.Debug|Any CPU.Build.0 = Debug|Any CPU
		{B4E4EE98-4F56-4586-9FD5-5452674B7FAE}.Release|Any CPU.ActiveCfg = Release|Any CPU
		{B4E4EE98-4F56-4586-9FD5-5452674B7FAE}.Release|Any CPU.Build.0 = Release|Any CPU
		{2D42D6C5-F011-47C3-ACD5-5890CB071522}.Debug|Any CPU.ActiveCfg = Debug|Any CPU
		{2D42D6C5-F011-47C3-ACD5-5890CB071522}.Debug|Any CPU.Build.0 = Debug|Any CPU
		{2D42D6C5-F011-47C3-ACD5-5890CB071522}.Release|Any CPU.ActiveCfg = Release|Any CPU
		{2D42D6C5-F011-47C3-ACD5-5890CB071522}.Release|Any CPU.Build.0 = Release|Any CPU
		{2616293A-1892-4A84-896E-60D6F91496F5}.Debug|Any CPU.ActiveCfg = Debug|Any CPU
		{2616293A-1892-4A84-896E-60D6F91496F5}.Debug|Any CPU.Build.0 = Debug|Any CPU
		{2616293A-1892-4A84-896E-60D6F91496F5}.Release|Any CPU.ActiveCfg = Release|Any CPU
		{2616293A-1892-4A84-896E-60D6F91496F5}.Release|Any CPU.Build.0 = Release|Any CPU
	EndGlobalSection
	GlobalSection(SolutionProperties) = preSolution
		HideSolutionNode = FALSE
	EndGlobalSection
EndGlobal
